// !$*UTF8*$!
{
	archiveVersion = 1;
	classes = {
	};
	objectVersion = 46;
	objects = {

/* Begin PBXBuildFile section */
		1463B2631DD65772009B40D6 /* stupid.swift in Sources */ = {isa = PBXBuildFile; fileRef = 1463B2621DD65772009B40D6 /* stupid.swift */; };
		148AEE8F1DC27DD6009A93AF /* CardGameController.swift in Sources */ = {isa = PBXBuildFile; fileRef = 148AEE8E1DC27DD6009A93AF /* CardGameController.swift */; };
		14B65B6D1DE38D6F0092C199 /* CardView.swift in Sources */ = {isa = PBXBuildFile; fileRef = 14B65B6C1DE38D6F0092C199 /* CardView.swift */; };
		14B6664B1DC7C4ED00902B42 /* Deck.swift in Sources */ = {isa = PBXBuildFile; fileRef = 14B6664A1DC7C4ED00902B42 /* Deck.swift */; };
		14B6664D1DC7C50300902B42 /* PlayingCardDeck.swift in Sources */ = {isa = PBXBuildFile; fileRef = 14B6664C1DC7C50300902B42 /* PlayingCardDeck.swift */; };
		14F6E83E1DBFE41E00151F1D /* AppDelegate.swift in Sources */ = {isa = PBXBuildFile; fileRef = 14F6E83D1DBFE41E00151F1D /* AppDelegate.swift */; };
		14F6E8431DBFE41E00151F1D /* Main.storyboard in Resources */ = {isa = PBXBuildFile; fileRef = 14F6E8411DBFE41E00151F1D /* Main.storyboard */; };
		14F6E8451DBFE41E00151F1D /* Assets.xcassets in Resources */ = {isa = PBXBuildFile; fileRef = 14F6E8441DBFE41E00151F1D /* Assets.xcassets */; };
		14F6E8481DBFE41E00151F1D /* LaunchScreen.storyboard in Resources */ = {isa = PBXBuildFile; fileRef = 14F6E8461DBFE41E00151F1D /* LaunchScreen.storyboard */; };
		14F6E8501DBFE5D100151F1D /* Card.swift in Sources */ = {isa = PBXBuildFile; fileRef = 14F6E84F1DBFE5D100151F1D /* Card.swift */; };
		14F6E8521DBFE65100151F1D /* PlayingCard.swift in Sources */ = {isa = PBXBuildFile; fileRef = 14F6E8511DBFE65100151F1D /* PlayingCard.swift */; };
/* End PBXBuildFile section */

/* Begin PBXFileReference section */
		1463B2621DD65772009B40D6 /* stupid.swift */ = {isa = PBXFileReference; fileEncoding = 4; lastKnownFileType = sourcecode.swift; path = stupid.swift; sourceTree = "<group>"; };
		148AEE8E1DC27DD6009A93AF /* CardGameController.swift */ = {isa = PBXFileReference; fileEncoding = 4; lastKnownFileType = sourcecode.swift; name = CardGameController.swift; path = "untitled folder/CardGameController.swift"; sourceTree = "<group>"; };
		14B65B6C1DE38D6F0092C199 /* CardView.swift */ = {isa = PBXFileReference; fileEncoding = 4; lastKnownFileType = sourcecode.swift; name = CardView.swift; path = "untitled folder 2/CardView.swift"; sourceTree = "<group>"; };
		14B6664A1DC7C4ED00902B42 /* Deck.swift */ = {isa = PBXFileReference; fileEncoding = 4; lastKnownFileType = sourcecode.swift; path = Deck.swift; sourceTree = "<group>"; };
		14B6664C1DC7C50300902B42 /* PlayingCardDeck.swift */ = {isa = PBXFileReference; fileEncoding = 4; lastKnownFileType = sourcecode.swift; path = PlayingCardDeck.swift; sourceTree = "<group>"; };
		14F6E83A1DBFE41E00151F1D /* CardGame.app */ = {isa = PBXFileReference; explicitFileType = wrapper.application; includeInIndex = 0; path = CardGame.app; sourceTree = BUILT_PRODUCTS_DIR; };
		14F6E83D1DBFE41E00151F1D /* AppDelegate.swift */ = {isa = PBXFileReference; lastKnownFileType = sourcecode.swift; path = AppDelegate.swift; sourceTree = "<group>"; };
		14F6E8421DBFE41E00151F1D /* Base */ = {isa = PBXFileReference; lastKnownFileType = file.storyboard; name = Base; path = Base.lproj/Main.storyboard; sourceTree = "<group>"; };
		14F6E8441DBFE41E00151F1D /* Assets.xcassets */ = {isa = PBXFileReference; lastKnownFileType = folder.assetcatalog; path = Assets.xcassets; sourceTree = "<group>"; };
		14F6E8471DBFE41E00151F1D /* Base */ = {isa = PBXFileReference; lastKnownFileType = file.storyboard; name = Base; path = Base.lproj/LaunchScreen.storyboard; sourceTree = "<group>"; };
		14F6E8491DBFE41E00151F1D /* Info.plist */ = {isa = PBXFileReference; lastKnownFileType = text.plist.xml; path = Info.plist; sourceTree = "<group>"; };
		14F6E84F1DBFE5D100151F1D /* Card.swift */ = {isa = PBXFileReference; fileEncoding = 4; lastKnownFileType = sourcecode.swift; name = Card.swift; path = Model/Card.swift; sourceTree = "<group>"; };
		14F6E8511DBFE65100151F1D /* PlayingCard.swift */ = {isa = PBXFileReference; fileEncoding = 4; lastKnownFileType = sourcecode.swift; path = PlayingCard.swift; sourceTree = "<group>"; };
/* End PBXFileReference section */

/* Begin PBXFrameworksBuildPhase section */
		14F6E8371DBFE41E00151F1D /* Frameworks */ = {
			isa = PBXFrameworksBuildPhase;
			buildActionMask = 2147483647;
			files = (
			);
			runOnlyForDeploymentPostprocessing = 0;
		};
/* End PBXFrameworksBuildPhase section */

/* Begin PBXGroup section */
		14F6E8311DBFE41E00151F1D = {
			isa = PBXGroup;
			children = (
				14F6E83C1DBFE41E00151F1D /* CardGame */,
				14F6E83B1DBFE41E00151F1D /* Products */,
			);
			sourceTree = "<group>";
		};
		14F6E83B1DBFE41E00151F1D /* Products */ = {
			isa = PBXGroup;
			children = (
				14F6E83A1DBFE41E00151F1D /* CardGame.app */,
			);
			name = Products;
			sourceTree = "<group>";
		};
		14F6E83C1DBFE41E00151F1D /* CardGame */ = {
			isa = PBXGroup;
			children = (
				14F6E83D1DBFE41E00151F1D /* AppDelegate.swift */,
				14F6E8541DBFE68E00151F1D /* View */,
				14F6E8491DBFE41E00151F1D /* Info.plist */,
				14F6E8531DBFE66300151F1D /* Model */,
				148AEE8E1DC27DD6009A93AF /* CardGameController.swift */,
				1463B2621DD65772009B40D6 /* stupid.swift */,
			);
			path = CardGame;
			sourceTree = "<group>";
		};
		14F6E8531DBFE66300151F1D /* Model */ = {
			isa = PBXGroup;
			children = (
				14F6E84F1DBFE5D100151F1D /* Card.swift */,
				14F6E8511DBFE65100151F1D /* PlayingCard.swift */,
				14B6664A1DC7C4ED00902B42 /* Deck.swift */,
				14B6664C1DC7C50300902B42 /* PlayingCardDeck.swift */,
			);
			name = Model;
			sourceTree = "<group>";
		};
		14F6E8541DBFE68E00151F1D /* View */ = {
			isa = PBXGroup;
			children = (
				14F6E8411DBFE41E00151F1D /* Main.storyboard */,
				14F6E8441DBFE41E00151F1D /* Assets.xcassets */,
				14F6E8461DBFE41E00151F1D /* LaunchScreen.storyboard */,
				14B65B6C1DE38D6F0092C199 /* CardView.swift */,
			);
			name = View;
			sourceTree = "<group>";
		};
/* End PBXGroup section */

/* Begin PBXNativeTarget section */
		14F6E8391DBFE41E00151F1D /* CardGame */ = {
			isa = PBXNativeTarget;
			buildConfigurationList = 14F6E84C1DBFE41E00151F1D /* Build configuration list for PBXNativeTarget "CardGame" */;
			buildPhases = (
				14F6E8361DBFE41E00151F1D /* Sources */,
				14F6E8371DBFE41E00151F1D /* Frameworks */,
				14F6E8381DBFE41E00151F1D /* Resources */,
			);
			buildRules = (
			);
			dependencies = (
			);
			name = CardGame;
			productName = CardGame;
			productReference = 14F6E83A1DBFE41E00151F1D /* CardGame.app */;
			productType = "com.apple.product-type.application";
		};
/* End PBXNativeTarget section */

/* Begin PBXProject section */
		14F6E8321DBFE41E00151F1D /* Project object */ = {
			isa = PBXProject;
			attributes = {
				LastSwiftUpdateCheck = 0720;
				LastUpgradeCheck = 0720;
				ORGANIZATIONNAME = "Paladugu, Sai neeraj";
				TargetAttributes = {
					14F6E8391DBFE41E00151F1D = {
						CreatedOnToolsVersion = 7.2;
						LastSwiftMigration = 0810;
					};
				};
			};
			buildConfigurationList = 14F6E8351DBFE41E00151F1D /* Build configuration list for PBXProject "CardGame" */;
			compatibilityVersion = "Xcode 3.2";
			developmentRegion = English;
			hasScannedForEncodings = 0;
			knownRegions = (
				en,
				Base,
			);
			mainGroup = 14F6E8311DBFE41E00151F1D;
			productRefGroup = 14F6E83B1DBFE41E00151F1D /* Products */;
			projectDirPath = "";
			projectRoot = "";
			targets = (
				14F6E8391DBFE41E00151F1D /* CardGame */,
			);
		};
/* End PBXProject section */

/* Begin PBXResourcesBuildPhase section */
		14F6E8381DBFE41E00151F1D /* Resources */ = {
			isa = PBXResourcesBuildPhase;
			buildActionMask = 2147483647;
			files = (
				14F6E8481DBFE41E00151F1D /* LaunchScreen.storyboard in Resources */,
				14F6E8451DBFE41E00151F1D /* Assets.xcassets in Resources */,
				14F6E8431DBFE41E00151F1D /* Main.storyboard in Resources */,
			);
			runOnlyForDeploymentPostprocessing = 0;
		};
/* End PBXResourcesBuildPhase section */

/* Begin PBXSourcesBuildPhase section */
		14F6E8361DBFE41E00151F1D /* Sources */ = {
			isa = PBXSourcesBuildPhase;
			buildActionMask = 2147483647;
			files = (
				14F6E8501DBFE5D100151F1D /* Card.swift in Sources */,
				14F6E8521DBFE65100151F1D /* PlayingCard.swift in Sources */,
				1463B2631DD65772009B40D6 /* stupid.swift in Sources */,
				14B6664B1DC7C4ED00902B42 /* Deck.swift in Sources */,
				14B6664D1DC7C50300902B42 /* PlayingCardDeck.swift in Sources */,
				14F6E83E1DBFE41E00151F1D /* AppDelegate.swift in Sources */,
				14B65B6D1DE38D6F0092C199 /* CardView.swift in Sources */,
				148AEE8F1DC27DD6009A93AF /* CardGameController.swift in Sources */,
			);
			runOnlyForDeploymentPostprocessing = 0;
		};
/* End PBXSourcesBuildPhase section */

/* Begin PBXVariantGroup section */
		14F6E8411DBFE41E00151F1D /* Main.storyboard */ = {
			isa = PBXVariantGroup;
			children = (
				14F6E8421DBFE41E00151F1D /* Base */,
			);
			name = Main.storyboard;
			sourceTree = "<group>";
		};
		14F6E8461DBFE41E00151F1D /* LaunchScreen.storyboard */ = {
			isa = PBXVariantGroup;
			children = (
				14F6E8471DBFE41E00151F1D /* Base */,
			);
			name = LaunchScreen.storyboard;
			sourceTree = "<group>";
		};
/* End PBXVariantGroup section */

/* Begin XCBuildConfiguration section */
		14F6E84A1DBFE41E00151F1D /* Debug */ = {
			isa = XCBuildConfiguration;
			buildSettings = {
				ALWAYS_SEARCH_USER_PATHS = NO;
				CLANG_CXX_LANGUAGE_STANDARD = "gnu++0x";
				CLANG_CXX_LIBRARY = "libc++";
				CLANG_ENABLE_MODULES = YES;
				CLANG_ENABLE_OBJC_ARC = YES;
				CLANG_WARN_BOOL_CONVERSION = YES;
				CLANG_WARN_CONSTANT_CONVERSION = YES;
				CLANG_WARN_DIRECT_OBJC_ISA_USAGE = YES_ERROR;
				CLANG_WARN_EMPTY_BODY = YES;
				CLANG_WARN_ENUM_CONVERSION = YES;
				CLANG_WARN_INT_CONVERSION = YES;
				CLANG_WARN_OBJC_ROOT_CLASS = YES_ERROR;
				CLANG_WARN_UNREACHABLE_CODE = YES;
				CLANG_WARN__DUPLICATE_METHOD_MATCH = YES;
				"CODE_SIGN_IDENTITY[sdk=iphoneos*]" = "iPhone Developer";
				COPY_PHASE_STRIP = NO;
				DEBUG_INFORMATION_FORMAT = dwarf;
				ENABLE_STRICT_OBJC_MSGSEND = YES;
				ENABLE_TESTABILITY = YES;
				GCC_C_LANGUAGE_STANDARD = gnu99;
				GCC_DYNAMIC_NO_PIC = NO;
				GCC_NO_COMMON_BLOCKS = YES;
				GCC_OPTIMIZATION_LEVEL = 0;
				GCC_PREPROCESSOR_DEFINITIONS = (
					"DEBUG=1",
					"$(inherited)",
				);
				GCC_WARN_64_TO_32_BIT_CONVERSION = YES;
				GCC_WARN_ABOUT_RETURN_TYPE = YES_ERROR;
				GCC_WARN_UNDECLARED_SELECTOR = YES;
				GCC_WARN_UNINITIALIZED_AUTOS = YES_AGGRESSIVE;
				GCC_WARN_UNUSED_FUNCTION = YES;
				GCC_WARN_UNUSED_VARIABLE = YES;
				IPHONEOS_DEPLOYMENT_TARGET = 9.2;
				MTL_ENABLE_DEBUG_INFO = YES;
				ONLY_ACTIVE_ARCH = YES;
				SDKROOT = iphoneos;
				SWIFT_OPTIMIZATION_LEVEL = "-Onone";
				TARGETED_DEVICE_FAMILY = "1,2";
			};
			name = Debug;
		};
		14F6E84B1DBFE41E00151F1D /* Release */ = {
			isa = XCBuildConfiguration;
			buildSettings = {
				ALWAYS_SEARCH_USER_PATHS = NO;
				CLANG_CXX_LANGUAGE_STANDARD = "gnu++0x";
				CLANG_CXX_LIBRARY = "libc++";
				CLANG_ENABLE_MODULES = YES;
				CLANG_ENABLE_OBJC_ARC = YES;
				CLANG_WARN_BOOL_CONVERSION = YES;
				CLANG_WARN_CONSTANT_CONVERSION = YES;
				CLANG_WARN_DIRECT_OBJC_ISA_USAGE = YES_ERROR;
				CLANG_WARN_EMPTY_BODY = YES;
				CLANG_WARN_ENUM_CONVERSION = YES;
				CLANG_WARN_INT_CONVERSION = YES;
				CLANG_WARN_OBJC_ROOT_CLASS = YES_ERROR;
				CLANG_WARN_UNREACHABLE_CODE = YES;
				CLANG_WARN__DUPLICATE_METHOD_MATCH = YES;
				"CODE_SIGN_IDENTITY[sdk=iphoneos*]" = "iPhone Developer";
				COPY_PHASE_STRIP = NO;
				DEBUG_INFORMATION_FORMAT = "dwarf-with-dsym";
				ENABLE_NS_ASSERTIONS = NO;
				ENABLE_STRICT_OBJC_MSGSEND = YES;
				GCC_C_LANGUAGE_STANDARD = gnu99;
				GCC_NO_COMMON_BLOCKS = YES;
				GCC_WARN_64_TO_32_BIT_CONVERSION = YES;
				GCC_WARN_ABOUT_RETURN_TYPE = YES_ERROR;
				GCC_WARN_UNDECLARED_SELECTOR = YES;
				GCC_WARN_UNINITIALIZED_AUTOS = YES_AGGRESSIVE;
				GCC_WARN_UNUSED_FUNCTION = YES;
				GCC_WARN_UNUSED_VARIABLE = YES;
				IPHONEOS_DEPLOYMENT_TARGET = 9.2;
				MTL_ENABLE_DEBUG_INFO = NO;
				SDKROOT = iphoneos;
				TARGETED_DEVICE_FAMILY = "1,2";
				VALIDATE_PRODUCT = YES;
			};
			name = Release;
		};
		14F6E84D1DBFE41E00151F1D /* Debug */ = {
			isa = XCBuildConfiguration;
			buildSettings = {
				ASSETCATALOG_COMPILER_APPICON_NAME = AppIcon;
				INFOPLIST_FILE = CardGame/Info.plist;
				LD_RUNPATH_SEARCH_PATHS = "$(inherited) @executable_path/Frameworks";
				PRODUCT_BUNDLE_IDENTIFIER = CTEC.CardGame;
				PRODUCT_NAME = "$(TARGET_NAME)";
				SWIFT_VERSION = 3.0;
			};
			name = Debug;
		};
		14F6E84E1DBFE41E00151F1D /* Release */ = {
			isa = XCBuildConfiguration;
			buildSettings = {
				ASSETCATALOG_COMPILER_APPICON_NAME = AppIcon;
				INFOPLIST_FILE = CardGame/Info.plist;
				LD_RUNPATH_SEARCH_PATHS = "$(inherited) @executable_path/Frameworks";
				PRODUCT_BUNDLE_IDENTIFIER = CTEC.CardGame;
				PRODUCT_NAME = "$(TARGET_NAME)";
				SWIFT_VERSION = 3.0;
			};
			name = Release;
		};
/* End XCBuildConfiguration section */

/* Begin XCConfigurationList section */
		14F6E8351DBFE41E00151F1D /* Build configuration list for PBXProject "CardGame" */ = {
			isa = XCConfigurationList;
			buildConfigurations = (
				14F6E84A1DBFE41E00151F1D /* Debug */,
				14F6E84B1DBFE41E00151F1D /* Release */,
			);
			defaultConfigurationIsVisible = 0;
			defaultConfigurationName = Release;
		};
		14F6E84C1DBFE41E00151F1D /* Build configuration list for PBXNativeTarget "CardGame" */ = {
			isa = XCConfigurationList;
			buildConfigurations = (
				14F6E84D1DBFE41E00151F1D /* Debug */,
				14F6E84E1DBFE41E00151F1D /* Release */,
			);
			defaultConfigurationIsVisible = 0;
			defaultConfigurationName = Release;
		};
/* End XCConfigurationList section */
	};
	rootObject = 14F6E8321DBFE41E00151F1D /* Project object */;
}
